
Microsoft Visual Studio Solution File, Format Version 12.00
# Visual Studio Version 16
VisualStudioVersion = 16.0.31321.278
MinimumVisualStudioVersion = 10.0.40219.1
Project("{FAE04EC0-301F-11D3-BF4B-00C04F79EFBC}") = "DigitalLibrary", "DigitalLibrary\DigitalLibrary.csproj", "{8901FFD5-61F2-495D-92E6-C9CA7564FA3D}"
EndProject
Global
	GlobalSection(SolutionConfigurationPlatforms) = preSolution
		Debug|Any CPU = Debug|Any CPU
		Release|Any CPU = Release|Any CPU
	EndGlobalSection
	GlobalSection(ProjectConfigurationPlatforms) = postSolution
		{8901FFD5-61F2-495D-92E6-C9CA7564FA3D}.Debug|Any CPU.ActiveCfg = Debug|Any CPU
		{8901FFD5-61F2-495D-92E6-C9CA7564FA3D}.Debug|Any CPU.Build.0 = Debug|Any CPU
		{8901FFD5-61F2-495D-92E6-C9CA7564FA3D}.Release|Any CPU.ActiveCfg = Release|Any CPU
		{8901FFD5-61F2-495D-92E6-C9CA7564FA3D}.Release|Any CPU.Build.0 = Release|Any CPU
	EndGlobalSection
	GlobalSection(SolutionProperties) = preSolution
		HideSolutionNode = FALSE
	EndGlobalSection
	GlobalSection(ExtensibilityGlobals) = postSolution
		SolutionGuid = {A8B01F8C-A0A2-4380-BAB6-653AB0686C8D}
	EndGlobalSection
EndGlobal
